// !$*UTF8*$!
{
	archiveVersion = 1;
	classes = {
	};
	objectVersion = 54;
	objects = {

/* Begin PBXBuildFile section */
		07D57B7D1B85D58B00960EB4 /* Images.xcassets in Resources */ = {isa = PBXBuildFile; fileRef = 07D57B7C1B85D58B00960EB4 /* Images.xcassets */; };
		07F88A341B8C15A600B205DA /* WQXArchiveManager.mm in Sources */ = {isa = PBXBuildFile; fileRef = 07F88A331B8C15A600B205DA /* WQXArchiveManager.mm */; };
		07F88A3C1B8C4BF900B205DA /* nc1020.cpp in Sources */ = {isa = PBXBuildFile; fileRef = 07F88A3A1B8C4BF900B205DA /* nc1020.cpp */; };
		18611C891B89ED2B00BB0AED /* AppDelegate.mm in Sources */ = {isa = PBXBuildFile; fileRef = 075192311B85CFBE00D38120 /* AppDelegate.mm */; };
		18611C8B1B89ED2B00BB0AED /* LWWQXScreenView.mm in Sources */ = {isa = PBXBuildFile; fileRef = 18611C821B89E66800BB0AED /* LWWQXScreenView.mm */; };
		18611C8C1B89ED2B00BB0AED /* LWWQXRootViewController.mm in Sources */ = {isa = PBXBuildFile; fileRef = 07D57B821B85D77F00960EB4 /* LWWQXRootViewController.mm */; };
		18611C8D1B89ED2B00BB0AED /* WQXLCDView.mm in Sources */ = {isa = PBXBuildFile; fileRef = 07D57B851B85D83900960EB4 /* WQXLCDView.mm */; };
		18611C8E1B89ED2B00BB0AED /* LWKeyItem.m in Sources */ = {isa = PBXBuildFile; fileRef = 184EB4D81B88136C0020CB9B /* LWKeyItem.m */; };
		18611C8F1B89ED2B00BB0AED /* LWKeyboardView.m in Sources */ = {isa = PBXBuildFile; fileRef = 184EB4DD1B8822B40020CB9B /* LWKeyboardView.m */; };
		18611C921B89ED3D00BB0AED /* main.m in Sources */ = {isa = PBXBuildFile; fileRef = 0751922E1B85CFBE00D38120 /* main.m */; };
		18611C981B89EE1200BB0AED /* LWWQXDefaultScreenView.mm in Sources */ = {isa = PBXBuildFile; fileRef = 18611C971B89EE1200BB0AED /* LWWQXDefaultScreenView.mm */; };
		18611C9B1B89F45D00BB0AED /* LWWQXGMUDScreenView.mm in Sources */ = {isa = PBXBuildFile; fileRef = 18611C9A1B89F45D00BB0AED /* LWWQXGMUDScreenView.mm */; };
		18611C9D1B89F65A00BB0AED /* WQXArchiveManager.h in Sources */ = {isa = PBXBuildFile; fileRef = 18611C9C1B89F65A00BB0AED /* WQXArchiveManager.h */; };
		18611CA71B8A061100BB0AED /* LWGridKeyboardView.m in Sources */ = {isa = PBXBuildFile; fileRef = 18611CA61B8A061100BB0AED /* LWGridKeyboardView.m */; };
		18611CAA1B8A06A100BB0AED /* LWGMUDKeyboardView.m in Sources */ = {isa = PBXBuildFile; fileRef = 18611CA91B8A06A100BB0AED /* LWGMUDKeyboardView.m */; };
		26803BDF2BC9897F00656002 /* MBProgressHUD+LW.m in Sources */ = {isa = PBXBuildFile; fileRef = 26803BDD2BC9897E00656002 /* MBProgressHUD+LW.m */; };
		26803BE22BC98D9E00656002 /* LWAutolayout.m in Sources */ = {isa = PBXBuildFile; fileRef = 26803BE02BC98D9E00656002 /* LWAutolayout.m */; };
		26803BE52BC98DCD00656002 /* LWEXTScope.m in Sources */ = {isa = PBXBuildFile; fileRef = 26803BE32BC98DCD00656002 /* LWEXTScope.m */; };
		26803BE92BC98DFB00656002 /* LWM9Dev.m in Sources */ = {isa = PBXBuildFile; fileRef = 26803BE82BC98DFA00656002 /* LWM9Dev.m */; };
		26803BF02BC99F5B00656002 /* UIColor+LW.m in Sources */ = {isa = PBXBuildFile; fileRef = 26803BEF2BC99F5B00656002 /* UIColor+LW.m */; };
		26803BF42BC9A4CD00656002 /* UIImage+LW.m in Sources */ = {isa = PBXBuildFile; fileRef = 26803BF32BC9A4CD00656002 /* UIImage+LW.m */; };
		26803BFA2BCD01DB00656002 /* UIButton+LW.m in Sources */ = {isa = PBXBuildFile; fileRef = 26803BF92BCD01DB00656002 /* UIButton+LW.m */; };
		26803BFE2BCE502200656002 /* WQXArchive.m in Sources */ = {isa = PBXBuildFile; fileRef = 26803BFD2BCE502200656002 /* WQXArchive.m */; };
		26803C042BCE6C7200656002 /* LWWQXArchiveManagerViewController.m in Sources */ = {isa = PBXBuildFile; fileRef = 26803C032BCE6C7200656002 /* LWWQXArchiveManagerViewController.m */; };
		26803C0D2BCEB68900656002 /* LWFileTools.m in Sources */ = {isa = PBXBuildFile; fileRef = 26803C0C2BCEB68900656002 /* LWFileTools.m */; };
		26803C102BD110CD00656002 /* LWTableView.m in Sources */ = {isa = PBXBuildFile; fileRef = 26803C0F2BD110CD00656002 /* LWTableView.m */; };
		26803C132BD3B74500656002 /* LWSettingViewController.m in Sources */ = {isa = PBXBuildFile; fileRef = 26803C122BD3B74500656002 /* LWSettingViewController.m */; };
		2681E6A82BC78F41005D3FBA /* LaunchScreen.storyboard in Resources */ = {isa = PBXBuildFile; fileRef = 2681E6A72BC78F41005D3FBA /* LaunchScreen.storyboard */; };
		F7123B98F87D16F43649C2A5 /* libPods-NC1020.a in Frameworks */ = {isa = PBXBuildFile; fileRef = 290AB91D4C5A31F7E97A93D7 /* libPods-NC1020.a */; };
/* End PBXBuildFile section */

/* Begin PBXFileReference section */
		03A05B490348001C4A583A78 /* Pods-NC1020.release.xcconfig */ = {isa = PBXFileReference; includeInIndex = 1; lastKnownFileType = text.xcconfig; name = "Pods-NC1020.release.xcconfig"; path = "Target Support Files/Pods-NC1020/Pods-NC1020.release.xcconfig"; sourceTree = "<group>"; };
		075192291B85CFBE00D38120 /* NC1020.app */ = {isa = PBXFileReference; explicitFileType = wrapper.application; includeInIndex = 0; path = NC1020.app; sourceTree = BUILT_PRODUCTS_DIR; };
		0751922D1B85CFBE00D38120 /* Info.plist */ = {isa = PBXFileReference; lastKnownFileType = text.plist.xml; path = Info.plist; sourceTree = "<group>"; };
		0751922E1B85CFBE00D38120 /* main.m */ = {isa = PBXFileReference; lastKnownFileType = sourcecode.c.objc; path = main.m; sourceTree = "<group>"; };
		075192301B85CFBE00D38120 /* AppDelegate.h */ = {isa = PBXFileReference; lastKnownFileType = sourcecode.c.h; path = AppDelegate.h; sourceTree = "<group>"; };
		075192311B85CFBE00D38120 /* AppDelegate.mm */ = {isa = PBXFileReference; lastKnownFileType = sourcecode.cpp.objcpp; path = AppDelegate.mm; sourceTree = "<group>"; };
		07D57B7C1B85D58B00960EB4 /* Images.xcassets */ = {isa = PBXFileReference; lastKnownFileType = folder.assetcatalog; path = Images.xcassets; sourceTree = "<group>"; };
		07D57B811B85D77F00960EB4 /* LWWQXRootViewController.h */ = {isa = PBXFileReference; fileEncoding = 4; lastKnownFileType = sourcecode.c.h; path = LWWQXRootViewController.h; sourceTree = "<group>"; };
		07D57B821B85D77F00960EB4 /* LWWQXRootViewController.mm */ = {isa = PBXFileReference; fileEncoding = 4; lastKnownFileType = sourcecode.cpp.objcpp; path = LWWQXRootViewController.mm; sourceTree = "<group>"; };
		07D57B841B85D83900960EB4 /* WQXLCDView.h */ = {isa = PBXFileReference; fileEncoding = 4; lastKnownFileType = sourcecode.c.h; path = WQXLCDView.h; sourceTree = "<group>"; };
		07D57B851B85D83900960EB4 /* WQXLCDView.mm */ = {isa = PBXFileReference; fileEncoding = 4; lastKnownFileType = sourcecode.cpp.objcpp; path = WQXLCDView.mm; sourceTree = "<group>"; };
		07F88A331B8C15A600B205DA /* WQXArchiveManager.mm */ = {isa = PBXFileReference; fileEncoding = 4; lastKnownFileType = sourcecode.cpp.objcpp; path = WQXArchiveManager.mm; sourceTree = "<group>"; };
		07F88A3A1B8C4BF900B205DA /* nc1020.cpp */ = {isa = PBXFileReference; fileEncoding = 4; lastKnownFileType = sourcecode.cpp.cpp; path = nc1020.cpp; sourceTree = "<group>"; };
		07F88A3B1B8C4BF900B205DA /* nc1020.h */ = {isa = PBXFileReference; fileEncoding = 4; lastKnownFileType = sourcecode.c.h; path = nc1020.h; sourceTree = "<group>"; };
		184EB4D71B88136C0020CB9B /* LWKeyItem.h */ = {isa = PBXFileReference; fileEncoding = 4; lastKnownFileType = sourcecode.c.h; path = LWKeyItem.h; sourceTree = "<group>"; };
		184EB4D81B88136C0020CB9B /* LWKeyItem.m */ = {isa = PBXFileReference; fileEncoding = 4; lastKnownFileType = sourcecode.c.objc; path = LWKeyItem.m; sourceTree = "<group>"; };
		184EB4DC1B8822B40020CB9B /* LWKeyboardView.h */ = {isa = PBXFileReference; fileEncoding = 4; lastKnownFileType = sourcecode.c.h; path = LWKeyboardView.h; sourceTree = "<group>"; };
		184EB4DD1B8822B40020CB9B /* LWKeyboardView.m */ = {isa = PBXFileReference; fileEncoding = 4; lastKnownFileType = sourcecode.c.objc; path = LWKeyboardView.m; sourceTree = "<group>"; };
		18611C811B89E66800BB0AED /* LWWQXScreenView.h */ = {isa = PBXFileReference; fileEncoding = 4; lastKnownFileType = sourcecode.c.h; path = LWWQXScreenView.h; sourceTree = "<group>"; };
		18611C821B89E66800BB0AED /* LWWQXScreenView.mm */ = {isa = PBXFileReference; fileEncoding = 4; lastKnownFileType = sourcecode.cpp.objcpp; path = LWWQXScreenView.mm; sourceTree = "<group>"; };
		18611C961B89EE1200BB0AED /* LWWQXDefaultScreenView.h */ = {isa = PBXFileReference; fileEncoding = 4; lastKnownFileType = sourcecode.c.h; path = LWWQXDefaultScreenView.h; sourceTree = "<group>"; };
		18611C971B89EE1200BB0AED /* LWWQXDefaultScreenView.mm */ = {isa = PBXFileReference; fileEncoding = 4; lastKnownFileType = sourcecode.cpp.objcpp; path = LWWQXDefaultScreenView.mm; sourceTree = "<group>"; };
		18611C991B89F45D00BB0AED /* LWWQXGMUDScreenView.h */ = {isa = PBXFileReference; fileEncoding = 4; lastKnownFileType = sourcecode.c.h; path = LWWQXGMUDScreenView.h; sourceTree = "<group>"; };
		18611C9A1B89F45D00BB0AED /* LWWQXGMUDScreenView.mm */ = {isa = PBXFileReference; fileEncoding = 4; lastKnownFileType = sourcecode.cpp.objcpp; path = LWWQXGMUDScreenView.mm; sourceTree = "<group>"; };
		18611C9C1B89F65A00BB0AED /* WQXArchiveManager.h */ = {isa = PBXFileReference; fileEncoding = 4; lastKnownFileType = sourcecode.c.h; path = WQXArchiveManager.h; sourceTree = "<group>"; };
		18611CA51B8A061100BB0AED /* LWGridKeyboardView.h */ = {isa = PBXFileReference; fileEncoding = 4; lastKnownFileType = sourcecode.c.h; path = LWGridKeyboardView.h; sourceTree = "<group>"; };
		18611CA61B8A061100BB0AED /* LWGridKeyboardView.m */ = {isa = PBXFileReference; fileEncoding = 4; lastKnownFileType = sourcecode.c.objc; path = LWGridKeyboardView.m; sourceTree = "<group>"; };
		18611CA81B8A06A100BB0AED /* LWGMUDKeyboardView.h */ = {isa = PBXFileReference; fileEncoding = 4; lastKnownFileType = sourcecode.c.h; path = LWGMUDKeyboardView.h; sourceTree = "<group>"; };
		18611CA91B8A06A100BB0AED /* LWGMUDKeyboardView.m */ = {isa = PBXFileReference; fileEncoding = 4; lastKnownFileType = sourcecode.c.objc; path = LWGMUDKeyboardView.m; sourceTree = "<group>"; };
		26803BDD2BC9897E00656002 /* MBProgressHUD+LW.m */ = {isa = PBXFileReference; fileEncoding = 4; lastKnownFileType = sourcecode.c.objc; path = "MBProgressHUD+LW.m"; sourceTree = "<group>"; };
		26803BDE2BC9897F00656002 /* MBProgressHUD+LW.h */ = {isa = PBXFileReference; fileEncoding = 4; lastKnownFileType = sourcecode.c.h; path = "MBProgressHUD+LW.h"; sourceTree = "<group>"; };
		26803BE02BC98D9E00656002 /* LWAutolayout.m */ = {isa = PBXFileReference; fileEncoding = 4; lastKnownFileType = sourcecode.c.objc; path = LWAutolayout.m; sourceTree = "<group>"; };
		26803BE12BC98D9E00656002 /* LWAutolayout.h */ = {isa = PBXFileReference; fileEncoding = 4; lastKnownFileType = sourcecode.c.h; path = LWAutolayout.h; sourceTree = "<group>"; };
		26803BE32BC98DCD00656002 /* LWEXTScope.m */ = {isa = PBXFileReference; fileEncoding = 4; lastKnownFileType = sourcecode.c.objc; path = LWEXTScope.m; sourceTree = "<group>"; };
		26803BE42BC98DCD00656002 /* LWEXTScope.h */ = {isa = PBXFileReference; fileEncoding = 4; lastKnownFileType = sourcecode.c.h; path = LWEXTScope.h; sourceTree = "<group>"; };
		26803BE62BC98DE900656002 /* LWMetamacros.h */ = {isa = PBXFileReference; lastKnownFileType = sourcecode.c.h; path = LWMetamacros.h; sourceTree = "<group>"; };
		26803BE72BC98DFA00656002 /* LWM9Dev.h */ = {isa = PBXFileReference; fileEncoding = 4; lastKnownFileType = sourcecode.c.h; path = LWM9Dev.h; sourceTree = "<group>"; };
		26803BE82BC98DFA00656002 /* LWM9Dev.m */ = {isa = PBXFileReference; fileEncoding = 4; lastKnownFileType = sourcecode.c.objc; path = LWM9Dev.m; sourceTree = "<group>"; };
		26803BEE2BC99F5B00656002 /* UIColor+LW.h */ = {isa = PBXFileReference; lastKnownFileType = sourcecode.c.h; path = "UIColor+LW.h"; sourceTree = "<group>"; };
		26803BEF2BC99F5B00656002 /* UIColor+LW.m */ = {isa = PBXFileReference; lastKnownFileType = sourcecode.c.objc; path = "UIColor+LW.m"; sourceTree = "<group>"; };
		26803BF22BC9A4CD00656002 /* UIImage+LW.h */ = {isa = PBXFileReference; lastKnownFileType = sourcecode.c.h; path = "UIImage+LW.h"; sourceTree = "<group>"; };
		26803BF32BC9A4CD00656002 /* UIImage+LW.m */ = {isa = PBXFileReference; lastKnownFileType = sourcecode.c.objc; path = "UIImage+LW.m"; sourceTree = "<group>"; };
		26803BF82BCD01DB00656002 /* UIButton+LW.h */ = {isa = PBXFileReference; lastKnownFileType = sourcecode.c.h; path = "UIButton+LW.h"; sourceTree = "<group>"; };
		26803BF92BCD01DB00656002 /* UIButton+LW.m */ = {isa = PBXFileReference; lastKnownFileType = sourcecode.c.objc; path = "UIButton+LW.m"; sourceTree = "<group>"; };
		26803BFC2BCE502200656002 /* WQXArchive.h */ = {isa = PBXFileReference; lastKnownFileType = sourcecode.c.h; path = WQXArchive.h; sourceTree = "<group>"; };
		26803BFD2BCE502200656002 /* WQXArchive.m */ = {isa = PBXFileReference; lastKnownFileType = sourcecode.c.objc; path = WQXArchive.m; sourceTree = "<group>"; };
		26803C022BCE6C7200656002 /* LWWQXArchiveManagerViewController.h */ = {isa = PBXFileReference; lastKnownFileType = sourcecode.c.h; path = LWWQXArchiveManagerViewController.h; sourceTree = "<group>"; };
		26803C032BCE6C7200656002 /* LWWQXArchiveManagerViewController.m */ = {isa = PBXFileReference; lastKnownFileType = sourcecode.c.objc; path = LWWQXArchiveManagerViewController.m; sourceTree = "<group>"; };
		26803C0B2BCEB68900656002 /* LWFileTools.h */ = {isa = PBXFileReference; lastKnownFileType = sourcecode.c.h; path = LWFileTools.h; sourceTree = "<group>"; };
		26803C0C2BCEB68900656002 /* LWFileTools.m */ = {isa = PBXFileReference; lastKnownFileType = sourcecode.c.objc; path = LWFileTools.m; sourceTree = "<group>"; };
		26803C0E2BD110CD00656002 /* LWTableView.h */ = {isa = PBXFileReference; lastKnownFileType = sourcecode.c.h; path = LWTableView.h; sourceTree = "<group>"; };
		26803C0F2BD110CD00656002 /* LWTableView.m */ = {isa = PBXFileReference; lastKnownFileType = sourcecode.c.objc; path = LWTableView.m; sourceTree = "<group>"; };
		26803C112BD3B74500656002 /* LWSettingViewController.h */ = {isa = PBXFileReference; lastKnownFileType = sourcecode.c.h; path = LWSettingViewController.h; sourceTree = "<group>"; };
		26803C122BD3B74500656002 /* LWSettingViewController.m */ = {isa = PBXFileReference; lastKnownFileType = sourcecode.c.objc; path = LWSettingViewController.m; sourceTree = "<group>"; };
		2681E6A72BC78F41005D3FBA /* LaunchScreen.storyboard */ = {isa = PBXFileReference; fileEncoding = 4; lastKnownFileType = file.storyboard; path = LaunchScreen.storyboard; sourceTree = "<group>"; };
		290AB91D4C5A31F7E97A93D7 /* libPods-NC1020.a */ = {isa = PBXFileReference; explicitFileType = archive.ar; includeInIndex = 0; path = "libPods-NC1020.a"; sourceTree = BUILT_PRODUCTS_DIR; };
		4B8E8CFDA360DB97C0A6E130 /* Pods-NC1020.debug.xcconfig */ = {isa = PBXFileReference; includeInIndex = 1; lastKnownFileType = text.xcconfig; name = "Pods-NC1020.debug.xcconfig"; path = "Target Support Files/Pods-NC1020/Pods-NC1020.debug.xcconfig"; sourceTree = "<group>"; };
/* End PBXFileReference section */

/* Begin PBXFrameworksBuildPhase section */
		075192261B85CFBE00D38120 /* Frameworks */ = {
			isa = PBXFrameworksBuildPhase;
			buildActionMask = 2147483647;
			files = (
				F7123B98F87D16F43649C2A5 /* libPods-NC1020.a in Frameworks */,
			);
			runOnlyForDeploymentPostprocessing = 0;
		};
/* End PBXFrameworksBuildPhase section */

/* Begin PBXGroup section */
		075192201B85CFBE00D38120 = {
			isa = PBXGroup;
			children = (
				0751922B1B85CFBE00D38120 /* nc1020 */,
				0751922A1B85CFBE00D38120 /* Products */,
				E5D9826A5F936F9228503A3B /* Pods */,
				219E8B3B70864C79846F6D4A /* Frameworks */,
			);
			sourceTree = "<group>";
		};
		0751922A1B85CFBE00D38120 /* Products */ = {
			isa = PBXGroup;
			children = (
				075192291B85CFBE00D38120 /* NC1020.app */,
			);
			name = Products;
			sourceTree = "<group>";
		};
		0751922B1B85CFBE00D38120 /* nc1020 */ = {
			isa = PBXGroup;
			children = (
				26803C142BD3C23000656002 /* AppDelegate */,
				26803C082BCEAEE300656002 /* Controller */,
				26803C092BCEB0AA00656002 /* View */,
				26803C152BD3D63700656002 /* ScreenView */,
				26803BF62BC9A68600656002 /* Keyboard */,
				07BD82B31B8EC2DB00D19CD2 /* Utils */,
				07F88A351B8C4B6600B205DA /* NC1020 */,
				26803BFB2BCE4FF300656002 /* WQX */,
				2681E6A62BC78EFE005D3FBA /* SupportingFiles */,
			);
			path = nc1020;
			sourceTree = "<group>";
		};
		07BD82B31B8EC2DB00D19CD2 /* Utils */ = {
			isa = PBXGroup;
			children = (
				26803BEA2BC98E9D00656002 /* Autolayout */,
				26803C0A2BCEB66B00656002 /* FileTools */,
				26803BEB2BC9932C00656002 /* MBProgressHUD */,
				26803BF72BCD01C300656002 /* UIButton */,
				26803BED2BC99F4700656002 /* UIColor */,
				26803BF12BC9A4BC00656002 /* UIImage */,
			);
			path = Utils;
			sourceTree = "<group>";
		};
		07F88A351B8C4B6600B205DA /* NC1020 */ = {
			isa = PBXGroup;
			children = (
				07F88A3A1B8C4BF900B205DA /* nc1020.cpp */,
				07F88A3B1B8C4BF900B205DA /* nc1020.h */,
			);
			path = NC1020;
			sourceTree = "<group>";
		};
		219E8B3B70864C79846F6D4A /* Frameworks */ = {
			isa = PBXGroup;
			children = (
				290AB91D4C5A31F7E97A93D7 /* libPods-NC1020.a */,
			);
			name = Frameworks;
			sourceTree = "<group>";
		};
		26803BEA2BC98E9D00656002 /* Autolayout */ = {
			isa = PBXGroup;
			children = (
				26803BE12BC98D9E00656002 /* LWAutolayout.h */,
				26803BE02BC98D9E00656002 /* LWAutolayout.m */,
				26803BE42BC98DCD00656002 /* LWEXTScope.h */,
				26803BE32BC98DCD00656002 /* LWEXTScope.m */,
				26803BE62BC98DE900656002 /* LWMetamacros.h */,
				26803BE72BC98DFA00656002 /* LWM9Dev.h */,
				26803BE82BC98DFA00656002 /* LWM9Dev.m */,
			);
			path = Autolayout;
			sourceTree = "<group>";
		};
		26803BEB2BC9932C00656002 /* MBProgressHUD */ = {
			isa = PBXGroup;
			children = (
				26803BDE2BC9897F00656002 /* MBProgressHUD+LW.h */,
				26803BDD2BC9897E00656002 /* MBProgressHUD+LW.m */,
			);
			path = MBProgressHUD;
			sourceTree = "<group>";
		};
		26803BED2BC99F4700656002 /* UIColor */ = {
			isa = PBXGroup;
			children = (
				26803BEE2BC99F5B00656002 /* UIColor+LW.h */,
				26803BEF2BC99F5B00656002 /* UIColor+LW.m */,
			);
			path = UIColor;
			sourceTree = "<group>";
		};
		26803BF12BC9A4BC00656002 /* UIImage */ = {
			isa = PBXGroup;
			children = (
				26803BF22BC9A4CD00656002 /* UIImage+LW.h */,
				26803BF32BC9A4CD00656002 /* UIImage+LW.m */,
			);
			path = UIImage;
			sourceTree = "<group>";
		};
		26803BF62BC9A68600656002 /* Keyboard */ = {
			isa = PBXGroup;
			children = (
				184EB4D71B88136C0020CB9B /* LWKeyItem.h */,
				184EB4D81B88136C0020CB9B /* LWKeyItem.m */,
				184EB4DC1B8822B40020CB9B /* LWKeyboardView.h */,
				184EB4DD1B8822B40020CB9B /* LWKeyboardView.m */,
				18611CA51B8A061100BB0AED /* LWGridKeyboardView.h */,
				18611CA61B8A061100BB0AED /* LWGridKeyboardView.m */,
				18611CA81B8A06A100BB0AED /* LWGMUDKeyboardView.h */,
				18611CA91B8A06A100BB0AED /* LWGMUDKeyboardView.m */,
			);
			path = Keyboard;
			sourceTree = "<group>";
		};
		26803BF72BCD01C300656002 /* UIButton */ = {
			isa = PBXGroup;
			children = (
				26803BF82BCD01DB00656002 /* UIButton+LW.h */,
				26803BF92BCD01DB00656002 /* UIButton+LW.m */,
			);
			path = UIButton;
			sourceTree = "<group>";
		};
		26803BFB2BCE4FF300656002 /* WQX */ = {
			isa = PBXGroup;
			children = (
				26803BFC2BCE502200656002 /* WQXArchive.h */,
				26803BFD2BCE502200656002 /* WQXArchive.m */,
				18611C9C1B89F65A00BB0AED /* WQXArchiveManager.h */,
				07F88A331B8C15A600B205DA /* WQXArchiveManager.mm */,
			);
			path = WQX;
			sourceTree = "<group>";
		};
		26803C082BCEAEE300656002 /* Controller */ = {
			isa = PBXGroup;
			children = (
				26803C022BCE6C7200656002 /* LWWQXArchiveManagerViewController.h */,
				26803C032BCE6C7200656002 /* LWWQXArchiveManagerViewController.m */,
				26803C112BD3B74500656002 /* LWSettingViewController.h */,
				26803C122BD3B74500656002 /* LWSettingViewController.m */,
				07D57B811B85D77F00960EB4 /* LWWQXRootViewController.h */,
				07D57B821B85D77F00960EB4 /* LWWQXRootViewController.mm */,
			);
			path = Controller;
			sourceTree = "<group>";
		};
		26803C092BCEB0AA00656002 /* View */ = {
			isa = PBXGroup;
			children = (
				07D57B841B85D83900960EB4 /* WQXLCDView.h */,
				07D57B851B85D83900960EB4 /* WQXLCDView.mm */,
				26803C0E2BD110CD00656002 /* LWTableView.h */,
				26803C0F2BD110CD00656002 /* LWTableView.m */,
			);
			path = View;
			sourceTree = "<group>";
		};
		26803C0A2BCEB66B00656002 /* FileTools */ = {
			isa = PBXGroup;
			children = (
				26803C0B2BCEB68900656002 /* LWFileTools.h */,
				26803C0C2BCEB68900656002 /* LWFileTools.m */,
			);
			path = FileTools;
			sourceTree = "<group>";
		};
		26803C142BD3C23000656002 /* AppDelegate */ = {
			isa = PBXGroup;
			children = (
				075192301B85CFBE00D38120 /* AppDelegate.h */,
				075192311B85CFBE00D38120 /* AppDelegate.mm */,
			);
			path = AppDelegate;
			sourceTree = "<group>";
		};
		26803C152BD3D63700656002 /* ScreenView */ = {
			isa = PBXGroup;
			children = (
				18611C811B89E66800BB0AED /* LWWQXScreenView.h */,
				18611C821B89E66800BB0AED /* LWWQXScreenView.mm */,
				18611C961B89EE1200BB0AED /* LWWQXDefaultScreenView.h */,
				18611C971B89EE1200BB0AED /* LWWQXDefaultScreenView.mm */,
				18611C991B89F45D00BB0AED /* LWWQXGMUDScreenView.h */,
				18611C9A1B89F45D00BB0AED /* LWWQXGMUDScreenView.mm */,
			);
			path = ScreenView;
			sourceTree = "<group>";
		};
		2681E6A62BC78EFE005D3FBA /* SupportingFiles */ = {
			isa = PBXGroup;
			children = (
				0751922D1B85CFBE00D38120 /* Info.plist */,
				0751922E1B85CFBE00D38120 /* main.m */,
				07D57B7C1B85D58B00960EB4 /* Images.xcassets */,
				2681E6A72BC78F41005D3FBA /* LaunchScreen.storyboard */,
			);
			path = SupportingFiles;
			sourceTree = "<group>";
		};
		E5D9826A5F936F9228503A3B /* Pods */ = {
			isa = PBXGroup;
			children = (
				4B8E8CFDA360DB97C0A6E130 /* Pods-NC1020.debug.xcconfig */,
				03A05B490348001C4A583A78 /* Pods-NC1020.release.xcconfig */,
			);
			path = Pods;
			sourceTree = "<group>";
		};
/* End PBXGroup section */

/* Begin PBXNativeTarget section */
		075192281B85CFBE00D38120 /* NC1020 */ = {
			isa = PBXNativeTarget;
			buildConfigurationList = 075192521B85CFBE00D38120 /* Build configuration list for PBXNativeTarget "NC1020" */;
			buildPhases = (
				915065A3D8E938C0F1D66397 /* [CP] Check Pods Manifest.lock */,
				075192251B85CFBE00D38120 /* Sources */,
				075192261B85CFBE00D38120 /* Frameworks */,
				075192271B85CFBE00D38120 /* Resources */,
			);
			buildRules = (
			);
			dependencies = (
			);
			name = NC1020;
			productName = nc1020;
			productReference = 075192291B85CFBE00D38120 /* NC1020.app */;
			productType = "com.apple.product-type.application";
		};
/* End PBXNativeTarget section */

/* Begin PBXProject section */
		075192211B85CFBE00D38120 /* Project object */ = {
			isa = PBXProject;
			attributes = {
				BuildIndependentTargetsInParallel = YES;
				LastUpgradeCheck = 1530;
				ORGANIZATIONNAME = lw0717;
				TargetAttributes = {
					075192281B85CFBE00D38120 = {
						CreatedOnToolsVersion = 6.3;
					};
				};
			};
			buildConfigurationList = 075192241B85CFBE00D38120 /* Build configuration list for PBXProject "NC1020" */;
			compatibilityVersion = "Xcode 3.2";
			developmentRegion = en;
			hasScannedForEncodings = 0;
			knownRegions = (
				en,
				Base,
			);
			mainGroup = 075192201B85CFBE00D38120;
			productRefGroup = 0751922A1B85CFBE00D38120 /* Products */;
			projectDirPath = "";
			projectRoot = "";
			targets = (
				075192281B85CFBE00D38120 /* NC1020 */,
			);
		};
/* End PBXProject section */

/* Begin PBXResourcesBuildPhase section */
		075192271B85CFBE00D38120 /* Resources */ = {
			isa = PBXResourcesBuildPhase;
			buildActionMask = 2147483647;
			files = (
				07D57B7D1B85D58B00960EB4 /* Images.xcassets in Resources */,
				2681E6A82BC78F41005D3FBA /* LaunchScreen.storyboard in Resources */,
			);
			runOnlyForDeploymentPostprocessing = 0;
		};
/* End PBXResourcesBuildPhase section */

/* Begin PBXShellScriptBuildPhase section */
		915065A3D8E938C0F1D66397 /* [CP] Check Pods Manifest.lock */ = {
			isa = PBXShellScriptBuildPhase;
			buildActionMask = 2147483647;
			files = (
			);
			inputFileListPaths = (
			);
			inputPaths = (
				"${PODS_PODFILE_DIR_PATH}/Podfile.lock",
				"${PODS_ROOT}/Manifest.lock",
			);
			name = "[CP] Check Pods Manifest.lock";
			outputFileListPaths = (
			);
			outputPaths = (
				"$(DERIVED_FILE_DIR)/Pods-NC1020-checkManifestLockResult.txt",
			);
			runOnlyForDeploymentPostprocessing = 0;
			shellPath = /bin/sh;
			shellScript = "diff \"${PODS_PODFILE_DIR_PATH}/Podfile.lock\" \"${PODS_ROOT}/Manifest.lock\" > /dev/null\nif [ $? != 0 ] ; then\n    # print error to STDERR\n    echo \"error: The sandbox is not in sync with the Podfile.lock. Run 'pod install' or update your CocoaPods installation.\" >&2\n    exit 1\nfi\n# This output is used by Xcode 'outputs' to avoid re-running this script phase.\necho \"SUCCESS\" > \"${SCRIPT_OUTPUT_FILE_0}\"\n";
			showEnvVarsInLog = 0;
		};
/* End PBXShellScriptBuildPhase section */

/* Begin PBXSourcesBuildPhase section */
		075192251B85CFBE00D38120 /* Sources */ = {
			isa = PBXSourcesBuildPhase;
			buildActionMask = 2147483647;
			files = (
				18611C921B89ED3D00BB0AED /* main.m in Sources */,
				26803C132BD3B74500656002 /* LWSettingViewController.m in Sources */,
				26803BF42BC9A4CD00656002 /* UIImage+LW.m in Sources */,
				07F88A3C1B8C4BF900B205DA /* nc1020.cpp in Sources */,
				18611C891B89ED2B00BB0AED /* AppDelegate.mm in Sources */,
				18611C9D1B89F65A00BB0AED /* WQXArchiveManager.h in Sources */,
				18611C8B1B89ED2B00BB0AED /* LWWQXScreenView.mm in Sources */,
				18611CA71B8A061100BB0AED /* LWGridKeyboardView.m in Sources */,
				26803BE52BC98DCD00656002 /* LWEXTScope.m in Sources */,
				18611C981B89EE1200BB0AED /* LWWQXDefaultScreenView.mm in Sources */,
				18611C8C1B89ED2B00BB0AED /* LWWQXRootViewController.mm in Sources */,
				26803BF02BC99F5B00656002 /* UIColor+LW.m in Sources */,
				18611CAA1B8A06A100BB0AED /* LWGMUDKeyboardView.m in Sources */,
				26803BFE2BCE502200656002 /* WQXArchive.m in Sources */,
				18611C8D1B89ED2B00BB0AED /* WQXLCDView.mm in Sources */,
				07F88A341B8C15A600B205DA /* WQXArchiveManager.mm in Sources */,
				26803BDF2BC9897F00656002 /* MBProgressHUD+LW.m in Sources */,
				26803C0D2BCEB68900656002 /* LWFileTools.m in Sources */,
				26803BFA2BCD01DB00656002 /* UIButton+LW.m in Sources */,
				18611C9B1B89F45D00BB0AED /* LWWQXGMUDScreenView.mm in Sources */,
				26803BE92BC98DFB00656002 /* LWM9Dev.m in Sources */,
				18611C8E1B89ED2B00BB0AED /* LWKeyItem.m in Sources */,
				18611C8F1B89ED2B00BB0AED /* LWKeyboardView.m in Sources */,
				26803C042BCE6C7200656002 /* LWWQXArchiveManagerViewController.m in Sources */,
				26803BE22BC98D9E00656002 /* LWAutolayout.m in Sources */,
				26803C102BD110CD00656002 /* LWTableView.m in Sources */,
			);
			runOnlyForDeploymentPostprocessing = 0;
		};
/* End PBXSourcesBuildPhase section */

/* Begin XCBuildConfiguration section */
		075192501B85CFBE00D38120 /* Debug */ = {
			isa = XCBuildConfiguration;
			buildSettings = {
				ALWAYS_SEARCH_USER_PATHS = NO;
				ASSETCATALOG_COMPILER_GENERATE_SWIFT_ASSET_SYMBOL_EXTENSIONS = YES;
				CLANG_CXX_LANGUAGE_STANDARD = "gnu++0x";
				CLANG_CXX_LIBRARY = "libc++";
				CLANG_ENABLE_MODULES = YES;
				CLANG_ENABLE_OBJC_ARC = YES;
				CLANG_WARN_BLOCK_CAPTURE_AUTORELEASING = YES;
				CLANG_WARN_BOOL_CONVERSION = YES;
				CLANG_WARN_COMMA = YES;
				CLANG_WARN_CONSTANT_CONVERSION = YES;
				CLANG_WARN_DEPRECATED_OBJC_IMPLEMENTATIONS = YES;
				CLANG_WARN_DIRECT_OBJC_ISA_USAGE = YES_ERROR;
				CLANG_WARN_EMPTY_BODY = YES;
				CLANG_WARN_ENUM_CONVERSION = YES;
				CLANG_WARN_INFINITE_RECURSION = YES;
				CLANG_WARN_INT_CONVERSION = YES;
				CLANG_WARN_NON_LITERAL_NULL_CONVERSION = YES;
				CLANG_WARN_OBJC_IMPLICIT_RETAIN_SELF = YES;
				CLANG_WARN_OBJC_LITERAL_CONVERSION = YES;
				CLANG_WARN_OBJC_ROOT_CLASS = YES_ERROR;
				CLANG_WARN_QUOTED_INCLUDE_IN_FRAMEWORK_HEADER = YES;
				CLANG_WARN_RANGE_LOOP_ANALYSIS = YES;
				CLANG_WARN_STRICT_PROTOTYPES = YES;
				CLANG_WARN_SUSPICIOUS_MOVE = YES;
				CLANG_WARN_UNREACHABLE_CODE = YES;
				CLANG_WARN__DUPLICATE_METHOD_MATCH = YES;
				"CODE_SIGN_IDENTITY[sdk=iphoneos*]" = "iPhone Developer";
				COPY_PHASE_STRIP = NO;
				DEBUG_INFORMATION_FORMAT = "dwarf-with-dsym";
				ENABLE_STRICT_OBJC_MSGSEND = YES;
				ENABLE_TESTABILITY = YES;
				ENABLE_USER_SCRIPT_SANDBOXING = YES;
				GCC_C_LANGUAGE_STANDARD = gnu99;
				GCC_DYNAMIC_NO_PIC = NO;
				GCC_NO_COMMON_BLOCKS = YES;
				GCC_OPTIMIZATION_LEVEL = 0;
				GCC_PREPROCESSOR_DEFINITIONS = (
					"DEBUG=1",
					"$(inherited)",
				);
				GCC_SYMBOLS_PRIVATE_EXTERN = NO;
				GCC_WARN_64_TO_32_BIT_CONVERSION = YES;
				GCC_WARN_ABOUT_RETURN_TYPE = YES_ERROR;
				GCC_WARN_UNDECLARED_SELECTOR = YES;
				GCC_WARN_UNINITIALIZED_AUTOS = YES_AGGRESSIVE;
				GCC_WARN_UNUSED_FUNCTION = YES;
				GCC_WARN_UNUSED_VARIABLE = YES;
				IPHONEOS_DEPLOYMENT_TARGET = 5.0;
				MTL_ENABLE_DEBUG_INFO = YES;
				ONLY_ACTIVE_ARCH = YES;
				SDKROOT = iphoneos;
			};
			name = Debug;
		};
		075192511B85CFBE00D38120 /* Release */ = {
			isa = XCBuildConfiguration;
			buildSettings = {
				ALWAYS_SEARCH_USER_PATHS = NO;
				ASSETCATALOG_COMPILER_GENERATE_SWIFT_ASSET_SYMBOL_EXTENSIONS = YES;
				CLANG_CXX_LANGUAGE_STANDARD = "gnu++0x";
				CLANG_CXX_LIBRARY = "libc++";
				CLANG_ENABLE_MODULES = YES;
				CLANG_ENABLE_OBJC_ARC = YES;
				CLANG_WARN_BLOCK_CAPTURE_AUTORELEASING = YES;
				CLANG_WARN_BOOL_CONVERSION = YES;
				CLANG_WARN_COMMA = YES;
				CLANG_WARN_CONSTANT_CONVERSION = YES;
				CLANG_WARN_DEPRECATED_OBJC_IMPLEMENTATIONS = YES;
				CLANG_WARN_DIRECT_OBJC_ISA_USAGE = YES_ERROR;
				CLANG_WARN_EMPTY_BODY = YES;
				CLANG_WARN_ENUM_CONVERSION = YES;
				CLANG_WARN_INFINITE_RECURSION = YES;
				CLANG_WARN_INT_CONVERSION = YES;
				CLANG_WARN_NON_LITERAL_NULL_CONVERSION = YES;
				CLANG_WARN_OBJC_IMPLICIT_RETAIN_SELF = YES;
				CLANG_WARN_OBJC_LITERAL_CONVERSION = YES;
				CLANG_WARN_OBJC_ROOT_CLASS = YES_ERROR;
				CLANG_WARN_QUOTED_INCLUDE_IN_FRAMEWORK_HEADER = YES;
				CLANG_WARN_RANGE_LOOP_ANALYSIS = YES;
				CLANG_WARN_STRICT_PROTOTYPES = YES;
				CLANG_WARN_SUSPICIOUS_MOVE = YES;
				CLANG_WARN_UNREACHABLE_CODE = YES;
				CLANG_WARN__DUPLICATE_METHOD_MATCH = YES;
				"CODE_SIGN_IDENTITY[sdk=iphoneos*]" = "iPhone Developer";
				COPY_PHASE_STRIP = NO;
				DEBUG_INFORMATION_FORMAT = "dwarf-with-dsym";
				ENABLE_NS_ASSERTIONS = NO;
				ENABLE_STRICT_OBJC_MSGSEND = YES;
				ENABLE_USER_SCRIPT_SANDBOXING = YES;
				GCC_C_LANGUAGE_STANDARD = gnu99;
				GCC_NO_COMMON_BLOCKS = YES;
				GCC_WARN_64_TO_32_BIT_CONVERSION = YES;
				GCC_WARN_ABOUT_RETURN_TYPE = YES_ERROR;
				GCC_WARN_UNDECLARED_SELECTOR = YES;
				GCC_WARN_UNINITIALIZED_AUTOS = YES_AGGRESSIVE;
				GCC_WARN_UNUSED_FUNCTION = YES;
				GCC_WARN_UNUSED_VARIABLE = YES;
				IPHONEOS_DEPLOYMENT_TARGET = 5.0;
				MTL_ENABLE_DEBUG_INFO = NO;
				SDKROOT = iphoneos;
				VALIDATE_PRODUCT = YES;
			};
			name = Release;
		};
		075192531B85CFBE00D38120 /* Debug */ = {
			isa = XCBuildConfiguration;
			baseConfigurationReference = 4B8E8CFDA360DB97C0A6E130 /* Pods-NC1020.debug.xcconfig */;
			buildSettings = {
				ASSETCATALOG_COMPILER_APPICON_NAME = AppIcon;
				ASSETCATALOG_COMPILER_LAUNCHIMAGE_NAME = LaunchImage;
				CODE_SIGN_IDENTITY = "Apple Development";
				CODE_SIGN_STYLE = Automatic;
				COMPRESS_PNG_FILES = NO;
				CURRENT_PROJECT_VERSION = 3;
				DEVELOPMENT_TEAM = "";
				INFOPLIST_FILE = nc1020/SupportingFiles/Info.plist;
				IPHONEOS_DEPLOYMENT_TARGET = 9.0;
				LD_RUNPATH_SEARCH_PATHS = (
					"$(inherited)",
					"@executable_path/Frameworks",
				);
				MARKETING_VERSION = 1.0.0;
				ONLY_ACTIVE_ARCH = NO;
				PRODUCT_BUNDLE_IDENTIFIER = com.lw.NC1020;
				PRODUCT_NAME = NC1020;
				PROVISIONING_PROFILE_SPECIFIER = "";
				SUPPORTED_PLATFORMS = "iphoneos iphonesimulator";
				SUPPORTS_MACCATALYST = NO;
				SUPPORTS_MAC_DESIGNED_FOR_IPHONE_IPAD = NO;
				SUPPORTS_XR_DESIGNED_FOR_IPHONE_IPAD = NO;
				TARGETED_DEVICE_FAMILY = 1;
			};
			name = Debug;
		};
		075192541B85CFBE00D38120 /* Release */ = {
			isa = XCBuildConfiguration;
			baseConfigurationReference = 03A05B490348001C4A583A78 /* Pods-NC1020.release.xcconfig */;
			buildSettings = {
				ASSETCATALOG_COMPILER_APPICON_NAME = AppIcon;
				ASSETCATALOG_COMPILER_LAUNCHIMAGE_NAME = LaunchImage;
				CODE_SIGN_IDENTITY = "Apple Development";
				CODE_SIGN_STYLE = Automatic;
				COMPRESS_PNG_FILES = NO;
				CURRENT_PROJECT_VERSION = 3;
				DEVELOPMENT_TEAM = "";
				INFOPLIST_FILE = nc1020/SupportingFiles/Info.plist;
				IPHONEOS_DEPLOYMENT_TARGET = 9.0;
				LD_RUNPATH_SEARCH_PATHS = (
					"$(inherited)",
					"@executable_path/Frameworks",
				);
				MARKETING_VERSION = 1.0.0;
				PRODUCT_BUNDLE_IDENTIFIER = com.lw.NC1020;
				PRODUCT_NAME = NC1020;
				PROVISIONING_PROFILE_SPECIFIER = "";
				SUPPORTED_PLATFORMS = "iphoneos iphonesimulator";
				SUPPORTS_MACCATALYST = NO;
				SUPPORTS_MAC_DESIGNED_FOR_IPHONE_IPAD = NO;
				SUPPORTS_XR_DESIGNED_FOR_IPHONE_IPAD = NO;
				TARGETED_DEVICE_FAMILY = 1;
			};
			name = Release;
		};
/* End XCBuildConfiguration section */

/* Begin XCConfigurationList section */
		075192241B85CFBE00D38120 /* Build configuration list for PBXProject "NC1020" */ = {
			isa = XCConfigurationList;
			buildConfigurations = (
				075192501B85CFBE00D38120 /* Debug */,
				075192511B85CFBE00D38120 /* Release */,
			);
			defaultConfigurationIsVisible = 0;
			defaultConfigurationName = Release;
		};
		075192521B85CFBE00D38120 /* Build configuration list for PBXNativeTarget "NC1020" */ = {
			isa = XCConfigurationList;
			buildConfigurations = (
				075192531B85CFBE00D38120 /* Debug */,
				075192541B85CFBE00D38120 /* Release */,
			);
			defaultConfigurationIsVisible = 0;
			defaultConfigurationName = Release;
		};
/* End XCConfigurationList section */
	};
	rootObject = 075192211B85CFBE00D38120 /* Project object */;
}
